{
  "name": "selenium-bam",
  "version": "1.0.0",
  "lockfileVersion": 1,
  "requires": true,
  "dependencies": {
    "@types/bluebird": {
      "version": "3.5.8",
      "resolved": "https://registry.npmjs.org/@types/bluebird/-/bluebird-3.5.8.tgz",
      "integrity": "sha512-rBfrD56OxaqVjghtVqp2EEX0ieHkRk6IefDVrQXIVGvlhDOEBTvZff4Q02uo84ukVkH4k5eB1cPKGDM2NlFL8A==",
      "dev": true
    },
    "@types/node": {
      "version": "8.0.14",
      "resolved": "https://registry.npmjs.org/@types/node/-/node-8.0.14.tgz",
      "integrity": "sha512-lrtgE/5FeTdcuxgsDbLUIFJ33dTp4TkbKkTDZt/ueUMeqmGYqJRQd908q5Yj9EzzWSMonEhMr1q/CQlgVGEt4w==",
      "dev": true
    },
    "@types/selenium-webdriver": {
      "version": "3.0.4",
      "resolved": "https://registry.npmjs.org/@types/selenium-webdriver/-/selenium-webdriver-3.0.4.tgz",
      "integrity": "sha1-imwzxyFviosJYgKL+bhoVA/cukc="
    },
    "bluebird": {
      "version": "3.5.0",
      "resolved": "https://registry.npmjs.org/bluebird/-/bluebird-3.5.0.tgz",
      "integrity": "sha1-eRQg1/VR7qKJdFOop3ZT+WYG1nw="
    },
    "selenium-webdriver": {
      "version": "https://registry.npmjs.org/selenium-webdriver/-/selenium-webdriver-3.4.0.tgz",
      "integrity": "sha1-FR90RSlNpqZsScwwB0eioX5TxSo=",
      "requires": {
        "adm-zip": "https://registry.npmjs.org/adm-zip/-/adm-zip-0.4.7.tgz",
        "rimraf": "https://registry.npmjs.org/rimraf/-/rimraf-2.6.1.tgz",
        "tmp": "https://registry.npmjs.org/tmp/-/tmp-0.0.30.tgz",
        "xml2js": "https://registry.npmjs.org/xml2js/-/xml2js-0.4.17.tgz"
      },
      "dependencies": {
        "adm-zip": {
          "version": "https://registry.npmjs.org/adm-zip/-/adm-zip-0.4.7.tgz",
          "integrity": "sha1-hgbCy/HEJs6MjsABdER/1Jtur8E="
        },
        "rimraf": {
          "version": "https://registry.npmjs.org/rimraf/-/rimraf-2.6.1.tgz",
          "integrity": "sha1-wjOOxkPfeht/5cVPqG9XQopV8z0=",
          "requires": {
            "glob": "https://registry.npmjs.org/glob/-/glob-7.1.2.tgz"
          },
          "dependencies": {
            "glob": {
              "version": "https://registry.npmjs.org/glob/-/glob-7.1.2.tgz",
              "integrity": "sha1-wZyd+aAocC1nhhI4SmVSQExjbRU=",
              "requires": {
                "fs.realpath": "https://registry.npmjs.org/fs.realpath/-/fs.realpath-1.0.0.tgz",
                "inflight": "https://registry.npmjs.org/inflight/-/inflight-1.0.6.tgz",
                "inherits": "https://registry.npmjs.org/inherits/-/inherits-2.0.3.tgz",
                "minimatch": "https://registry.npmjs.org/minimatch/-/minimatch-3.0.4.tgz",
                "once": "https://registry.npmjs.org/once/-/once-1.4.0.tgz",
                "path-is-absolute": "https://registry.npmjs.org/path-is-absolute/-/path-is-absolute-1.0.1.tgz"
              },
              "dependencies": {
                "fs.realpath": {
                  "version": "https://registry.npmjs.org/fs.realpath/-/fs.realpath-1.0.0.tgz",
                  "integrity": "sha1-FQStJSMVjKpA20onh8sBQRmU6k8="
                },
                "inflight": {
                  "version": "https://registry.npmjs.org/inflight/-/inflight-1.0.6.tgz",
                  "integrity": "sha1-Sb1jMdfQLQwJvJEKEHW6gWW1bfk=",
                  "requires": {
                    "once": "https://registry.npmjs.org/once/-/once-1.4.0.tgz",
                    "wrappy": "https://registry.npmjs.org/wrappy/-/wrappy-1.0.2.tgz"
                  },
                  "dependencies": {
                    "wrappy": {
                      "version": "https://registry.npmjs.org/wrappy/-/wrappy-1.0.2.tgz",
                      "integrity": "sha1-tSQ9jz7BqjXxNkYFvA0QNuMKtp8="
                    }
                  }
                },
                "inherits": {
                  "version": "https://registry.npmjs.org/inherits/-/inherits-2.0.3.tgz",
                  "integrity": "sha1-Yzwsg+PaQqUC9SRmAiSA9CCCYd4="
                },
                "minimatch": {
                  "version": "https://registry.npmjs.org/minimatch/-/minimatch-3.0.4.tgz",
                  "integrity": "sha1-UWbihkV/AzBgZL5Ul+jbsMPTIIM=",
                  "requires": {
                    "brace-expansion": "https://registry.npmjs.org/brace-expansion/-/brace-expansion-1.1.8.tgz"
                  },
                  "dependencies": {
                    "brace-expansion": {
                      "version": "https://registry.npmjs.org/brace-expansion/-/brace-expansion-1.1.8.tgz",
                      "integrity": "sha1-wHshHHyVLsH479Uad+8NHTmQopI=",
                      "requires": {
                        "balanced-match": "https://registry.npmjs.org/balanced-match/-/balanced-match-1.0.0.tgz",
                        "concat-map": "https://registry.npmjs.org/concat-map/-/concat-map-0.0.1.tgz"
                      },
                      "dependencies": {
                        "balanced-match": {
                          "version": "https://registry.npmjs.org/balanced-match/-/balanced-match-1.0.0.tgz",
                          "integrity": "sha1-ibTRmasr7kneFk6gK4nORi1xt2c="
                        },
                        "concat-map": {
                          "version": "https://registry.npmjs.org/concat-map/-/concat-map-0.0.1.tgz",
                          "integrity": "sha1-2Klr13/Wjfd5OnMDajug1UBdR3s="
                        }
                      }
                    }
                  }
                },
                "once": {
                  "version": "https://registry.npmjs.org/once/-/once-1.4.0.tgz",
                  "integrity": "sha1-WDsap3WWHUsROsF9nFC6753Xa9E=",
                  "requires": {
                    "wrappy": "https://registry.npmjs.org/wrappy/-/wrappy-1.0.2.tgz"
                  },
                  "dependencies": {
                    "wrappy": {
                      "version": "https://registry.npmjs.org/wrappy/-/wrappy-1.0.2.tgz",
                      "integrity": "sha1-tSQ9jz7BqjXxNkYFvA0QNuMKtp8="
                    }
                  }
                },
                "path-is-absolute": {
                  "version": "https://registry.npmjs.org/path-is-absolute/-/path-is-absolute-1.0.1.tgz",
                  "integrity": "sha1-F0uSaHNVNP+8es5r9TpanhtcX18="
                }
              }
            }
          }
        },
        "tmp": {
          "version": "https://registry.npmjs.org/tmp/-/tmp-0.0.30.tgz",
          "integrity": "sha1-ckGdSovn1s51FI/YsyTlk6cRwu0=",
          "requires": {
            "os-tmpdir": "https://registry.npmjs.org/os-tmpdir/-/os-tmpdir-1.0.2.tgz"
          },
          "dependencies": {
            "os-tmpdir": {
              "version": "https://registry.npmjs.org/os-tmpdir/-/os-tmpdir-1.0.2.tgz",
              "integrity": "sha1-u+Z0BseaqFxc/sdm/lc0VV36EnQ="
            }
          }
        },
        "xml2js": {
          "version": "https://registry.npmjs.org/xml2js/-/xml2js-0.4.17.tgz",
          "integrity": "sha1-F76T6q4/O3eTWceVtBlwWogX6Gg=",
          "requires": {
            "sax": "https://registry.npmjs.org/sax/-/sax-1.2.4.tgz",
            "xmlbuilder": "https://registry.npmjs.org/xmlbuilder/-/xmlbuilder-4.2.1.tgz"
          },
          "dependencies": {
            "sax": {
              "version": "https://registry.npmjs.org/sax/-/sax-1.2.4.tgz",
              "integrity": "sha1-KBYjTiN4vdxOU1T6tcqold9xANk="
            },
            "xmlbuilder": {
              "version": "https://registry.npmjs.org/xmlbuilder/-/xmlbuilder-4.2.1.tgz",
              "integrity": "sha1-qlijBBoGb5DqoWwvU4n/GfP0YaU=",
              "requires": {
                "lodash": "https://registry.npmjs.org/lodash/-/lodash-4.17.4.tgz"
              },
              "dependencies": {
                "lodash": {
                  "version": "https://registry.npmjs.org/lodash/-/lodash-4.17.4.tgz",
                  "integrity": "sha1-eCA6TRwyiuHYbcpkYONptX9AVa4="
                }
              }
            }
          }
        }
      }
    }
  }
}
